
Microsoft Visual Studio Solution File, Format Version 12.00
# Visual Studio Version 17
VisualStudioVersion = 17.3.32929.385
MinimumVisualStudioVersion = 10.0.40219.1
Project("{9A19103F-16F7-4668-BE54-9A1E7A4F7556}") = "Sparky", "Sparky\Sparky.csproj", "{5DFC577E-5B00-4226-9ADA-9AD247BED042}"
EndProject
Project("{9A19103F-16F7-4668-BE54-9A1E7A4F7556}") = "SparkyMSTest", "SparkyMSTest\SparkyMSTest.csproj", "{AF2588DA-33D5-423B-8023-BAC684C21F5E}"
EndProject
Project("{9A19103F-16F7-4668-BE54-9A1E7A4F7556}") = "SparkyNUnitTest", "SparkyNUnitTest\SparkyNUnitTest.csproj", "{62BA4A2E-FB96-442E-B032-FA5E144FFDE0}"
EndProject
Project("{9A19103F-16F7-4668-BE54-9A1E7A4F7556}") = "SparkyXUnitTest", "SparkyXUnitTest\SparkyXUnitTest.csproj", "{F673719D-EFE5-4421-896C-EA3055E49266}"
EndProject
Project("{2150E333-8FDC-42A3-9474-1A3956D46DE8}") = "Sparky - Basic Foundation", "Sparky - Basic Foundation", "{197E9D22-F39D-4822-98A6-9CF548670596}"
EndProject
Project("{2150E333-8FDC-42A3-9474-1A3956D46DE8}") = "Bongo - Real World Example", "Bongo - Real World Example", "{297734C2-AE20-4528-920F-D80478BC38B2}"
EndProject
Project("{9A19103F-16F7-4668-BE54-9A1E7A4F7556}") = "Bongo.Core", "Bongo_InitialSetup (.NET 6)\Bongo.Core\Bongo.Core.csproj", "{5A7E230C-6D2E-4EC7-B46D-D1D338F23F4E}"
EndProject
Project("{9A19103F-16F7-4668-BE54-9A1E7A4F7556}") = "Bongo.DataAccess", "Bongo_InitialSetup (.NET 6)\Bongo.DataAccess\Bongo.DataAccess.csproj", "{1FFB0589-FD5A-440E-81AF-283704226827}"
EndProject
Project("{9A19103F-16F7-4668-BE54-9A1E7A4F7556}") = "Bongo.Models", "Bongo_InitialSetup (.NET 6)\Bongo.Models\Bongo.Models.csproj", "{B279D1CE-26EC-4936-AF2D-151ED78D198D}"
EndProject
Project("{9A19103F-16F7-4668-BE54-9A1E7A4F7556}") = "Bongo.Web", "Bongo_InitialSetup (.NET 6)\Bongo.Web\Bongo.Web.csproj", "{A295559C-99C1-46D8-9ED8-2880E4E385F8}"
EndProject
Project("{9A19103F-16F7-4668-BE54-9A1E7A4F7556}") = "Bongo.Models.Tests", "Bongo.Models.Tests\Bongo.Models.Tests.csproj", "{78FCF986-73FB-48DB-BAEC-5B90E1169885}"
EndProject
Project("{9A19103F-16F7-4668-BE54-9A1E7A4F7556}") = "Bongo.DataAccess.Tests", "Bongo.DataAccess.Tests\Bongo.DataAccess.Tests.csproj", "{97FBDA16-7A62-4AEA-81F4-82302A89A4F4}"
EndProject
Project("{9A19103F-16F7-4668-BE54-9A1E7A4F7556}") = "Bongo.Core.Tests", "Bongo.Core.Tests\Bongo.Core.Tests.csproj", "{689C0E11-4219-4F01-A539-DD11086CEC52}"
EndProject
Project("{FAE04EC0-301F-11D3-BF4B-00C04F79EFBC}") = "Bongo.Web.Tests", "Bongo.Web.Tests\Bongo.Web.Tests.csproj", "{35250552-246E-42BC-BA5A-811080C7F699}"
EndProject
Global
	GlobalSection(SolutionConfigurationPlatforms) = preSolution
		Debug|Any CPU = Debug|Any CPU
		Release|Any CPU = Release|Any CPU
	EndGlobalSection
	GlobalSection(ProjectConfigurationPlatforms) = postSolution
		{5DFC577E-5B00-4226-9ADA-9AD247BED042}.Debug|Any CPU.ActiveCfg = Debug|Any CPU
		{5DFC577E-5B00-4226-9ADA-9AD247BED042}.Debug|Any CPU.Build.0 = Debug|Any CPU
		{5DFC577E-5B00-4226-9ADA-9AD247BED042}.Release|Any CPU.ActiveCfg = Release|Any CPU
		{5DFC577E-5B00-4226-9ADA-9AD247BED042}.Release|Any CPU.Build.0 = Release|Any CPU
		{AF2588DA-33D5-423B-8023-BAC684C21F5E}.Debug|Any CPU.ActiveCfg = Debug|Any CPU
		{AF2588DA-33D5-423B-8023-BAC684C21F5E}.Debug|Any CPU.Build.0 = Debug|Any CPU
		{AF2588DA-33D5-423B-8023-BAC684C21F5E}.Release|Any CPU.ActiveCfg = Release|Any CPU
		{AF2588DA-33D5-423B-8023-BAC684C21F5E}.Release|Any CPU.Build.0 = Release|Any CPU
		{62BA4A2E-FB96-442E-B032-FA5E144FFDE0}.Debug|Any CPU.ActiveCfg = Debug|Any CPU
		{62BA4A2E-FB96-442E-B032-FA5E144FFDE0}.Debug|Any CPU.Build.0 = Debug|Any CPU
		{62BA4A2E-FB96-442E-B032-FA5E144FFDE0}.Release|Any CPU.ActiveCfg = Release|Any CPU
		{62BA4A2E-FB96-442E-B032-FA5E144FFDE0}.Release|Any CPU.Build.0 = Release|Any CPU
		{F673719D-EFE5-4421-896C-EA3055E49266}.Debug|Any CPU.ActiveCfg = Debug|Any CPU
		{F673719D-EFE5-4421-896C-EA3055E49266}.Debug|Any CPU.Build.0 = Debug|Any CPU
		{F673719D-EFE5-4421-896C-EA3055E49266}.Release|Any CPU.ActiveCfg = Release|Any CPU
		{F673719D-EFE5-4421-896C-EA3055E49266}.Release|Any CPU.Build.0 = Release|Any CPU
		{5A7E230C-6D2E-4EC7-B46D-D1D338F23F4E}.Debug|Any CPU.ActiveCfg = Debug|Any CPU
		{5A7E230C-6D2E-4EC7-B46D-D1D338F23F4E}.Debug|Any CPU.Build.0 = Debug|Any CPU
		{5A7E230C-6D2E-4EC7-B46D-D1D338F23F4E}.Release|Any CPU.ActiveCfg = Release|Any CPU
		{5A7E230C-6D2E-4EC7-B46D-D1D338F23F4E}.Release|Any CPU.Build.0 = Release|Any CPU
		{1FFB0589-FD5A-440E-81AF-283704226827}.Debug|Any CPU.ActiveCfg = Debug|Any CPU
		{1FFB0589-FD5A-440E-81AF-283704226827}.Debug|Any CPU.Build.0 = Debug|Any CPU
		{1FFB0589-FD5A-440E-81AF-283704226827}.Release|Any CPU.ActiveCfg = Release|Any CPU
		{1FFB0589-FD5A-440E-81AF-283704226827}.Release|Any CPU.Build.0 = Release|Any CPU
		{B279D1CE-26EC-4936-AF2D-151ED78D198D}.Debug|Any CPU.ActiveCfg = Debug|Any CPU
		{B279D1CE-26EC-4936-AF2D-151ED78D198D}.Debug|Any CPU.Build.0 = Debug|Any CPU
		{B279D1CE-26EC-4936-AF2D-151ED78D198D}.Release|Any CPU.ActiveCfg = Release|Any CPU
		{B279D1CE-26EC-4936-AF2D-151ED78D198D}.Release|Any CPU.Build.0 = Release|Any CPU
		{A295559C-99C1-46D8-9ED8-2880E4E385F8}.Debug|Any CPU.ActiveCfg = Debug|Any CPU
		{A295559C-99C1-46D8-9ED8-2880E4E385F8}.Debug|Any CPU.Build.0 = Debug|Any CPU
		{A295559C-99C1-46D8-9ED8-2880E4E385F8}.Release|Any CPU.ActiveCfg = Release|Any CPU
		{A295559C-99C1-46D8-9ED8-2880E4E385F8}.Release|Any CPU.Build.0 = Release|Any CPU
		{78FCF986-73FB-48DB-BAEC-5B90E1169885}.Debug|Any CPU.ActiveCfg = Debug|Any CPU
		{78FCF986-73FB-48DB-BAEC-5B90E1169885}.Debug|Any CPU.Build.0 = Debug|Any CPU
		{78FCF986-73FB-48DB-BAEC-5B90E1169885}.Release|Any CPU.ActiveCfg = Release|Any CPU
		{78FCF986-73FB-48DB-BAEC-5B90E1169885}.Release|Any CPU.Build.0 = Release|Any CPU
		{97FBDA16-7A62-4AEA-81F4-82302A89A4F4}.Debug|Any CPU.ActiveCfg = Debug|Any CPU
		{97FBDA16-7A62-4AEA-81F4-82302A89A4F4}.Debug|Any CPU.Build.0 = Debug|Any CPU
		{97FBDA16-7A62-4AEA-81F4-82302A89A4F4}.Release|Any CPU.ActiveCfg = Release|Any CPU
		{97FBDA16-7A62-4AEA-81F4-82302A89A4F4}.Release|Any CPU.Build.0 = Release|Any CPU
		{689C0E11-4219-4F01-A539-DD11086CEC52}.Debug|Any CPU.ActiveCfg = Debug|Any CPU
		{689C0E11-4219-4F01-A539-DD11086CEC52}.Debug|Any CPU.Build.0 = Debug|Any CPU
		{689C0E11-4219-4F01-A539-DD11086CEC52}.Release|Any CPU.ActiveCfg = Release|Any CPU
		{689C0E11-4219-4F01-A539-DD11086CEC52}.Release|Any CPU.Build.0 = Release|Any CPU
		{35250552-246E-42BC-BA5A-811080C7F699}.Debug|Any CPU.ActiveCfg = Debug|Any CPU
		{35250552-246E-42BC-BA5A-811080C7F699}.Debug|Any CPU.Build.0 = Debug|Any CPU
		{35250552-246E-42BC-BA5A-811080C7F699}.Release|Any CPU.ActiveCfg = Release|Any CPU
		{35250552-246E-42BC-BA5A-811080C7F699}.Release|Any CPU.Build.0 = Release|Any CPU
	EndGlobalSection
	GlobalSection(SolutionProperties) = preSolution
		HideSolutionNode = FALSE
	EndGlobalSection
	GlobalSection(NestedProjects) = preSolution
		{5DFC577E-5B00-4226-9ADA-9AD247BED042} = {197E9D22-F39D-4822-98A6-9CF548670596}
		{AF2588DA-33D5-423B-8023-BAC684C21F5E} = {197E9D22-F39D-4822-98A6-9CF548670596}
		{62BA4A2E-FB96-442E-B032-FA5E144FFDE0} = {197E9D22-F39D-4822-98A6-9CF548670596}
		{F673719D-EFE5-4421-896C-EA3055E49266} = {197E9D22-F39D-4822-98A6-9CF548670596}
		{5A7E230C-6D2E-4EC7-B46D-D1D338F23F4E} = {297734C2-AE20-4528-920F-D80478BC38B2}
		{1FFB0589-FD5A-440E-81AF-283704226827} = {297734C2-AE20-4528-920F-D80478BC38B2}
		{B279D1CE-26EC-4936-AF2D-151ED78D198D} = {297734C2-AE20-4528-920F-D80478BC38B2}
		{A295559C-99C1-46D8-9ED8-2880E4E385F8} = {297734C2-AE20-4528-920F-D80478BC38B2}
		{78FCF986-73FB-48DB-BAEC-5B90E1169885} = {297734C2-AE20-4528-920F-D80478BC38B2}
		{97FBDA16-7A62-4AEA-81F4-82302A89A4F4} = {297734C2-AE20-4528-920F-D80478BC38B2}
		{689C0E11-4219-4F01-A539-DD11086CEC52} = {297734C2-AE20-4528-920F-D80478BC38B2}
		{35250552-246E-42BC-BA5A-811080C7F699} = {297734C2-AE20-4528-920F-D80478BC38B2}
	EndGlobalSection
	GlobalSection(ExtensibilityGlobals) = postSolution
		SolutionGuid = {B2FB6905-46DA-4108-BEE3-534D54B55D85}
	EndGlobalSection
EndGlobal
